// !$*UTF8*$!
{
	archiveVersion = 1;
	classes = {
	};
	objectVersion = 77;
	objects = {

/* Begin PBXBuildFile section */
		07C468E428E234440D07D832 /* BabyLoadingDesignComponents in Frameworks */ = {isa = PBXBuildFile; productRef = 8A2FEA01833348B8B2CBE515 /* BabyLoadingDesignComponents */; };
		1693B223BAAB5F47F2D97E33 /* BellyTracking in Frameworks */ = {isa = PBXBuildFile; productRef = F5A596B427480F6BCD42123D /* BellyTracking */; };
		1DC5988A8D803D3D07D07D64 /* BabyLoadingNavigation in Frameworks */ = {isa = PBXBuildFile; productRef = 03AF95E96395AC0884AE4BDB /* BabyLoadingNavigation */; };
		21041DC7DEBFB041CE9A6875 /* PregnancyProgress in Frameworks */ = {isa = PBXBuildFile; productRef = DBA67C2A3FAF854E35322A36 /* PregnancyProgress */; };
		23163EE9C54EAB70F017E3F6 /* DashboardFeature in Frameworks */ = {isa = PBXBuildFile; productRef = D7FBB1F6003EC1406A6F3225 /* DashboardFeature */; };
		3F44C2A341165EC64D5FFB08 /* BabyLoadingNavigation in Frameworks */ = {isa = PBXBuildFile; productRef = FA11AD34E7E04063331B1844 /* BabyLoadingNavigation */; };
		44284A8804E46A6B21F77EC8 /* AppLocalization in Frameworks */ = {isa = PBXBuildFile; productRef = 988DF16458041719A05EB808 /* AppLocalization */; };
		4BF6B388BFD8160311303AEA /* BabyLoadingInfrastructure in Frameworks */ = {isa = PBXBuildFile; productRef = AAC7EA6646C3DA29E0FAB437 /* BabyLoadingInfrastructure */; };
		5EC8D1C0A658441B31D9EE67 /* BabyLoadingDesignTokens in Frameworks */ = {isa = PBXBuildFile; productRef = 69C2B0DB5837CD5BFDBBA547 /* BabyLoadingDesignTokens */; };
		669F12B0C7FBBB6870B63472 /* AppLocalization in Frameworks */ = {isa = PBXBuildFile; productRef = 21E54CBD2AE3C900CC207895 /* AppLocalization */; };
		671671BC4713C50E04572C98 /* BellyTracking in Frameworks */ = {isa = PBXBuildFile; productRef = 6C98B10D9CBFEEDB83A47759 /* BellyTracking */; };
		6AD517C7748775E31025BB12 /* BabyProgressWidgetSupport in Frameworks */ = {isa = PBXBuildFile; productRef = 50801AD513F5944C3102ED88 /* BabyProgressWidgetSupport */; };
		6FB0DCA05500E7B3C36AD807 /* UltrasoundGallery in Frameworks */ = {isa = PBXBuildFile; productRef = FD8556AF922B2E6AA15BADB1 /* UltrasoundGallery */; };
		79DA3248ED1B57A8CEC3767B /* PregnancyContent in Frameworks */ = {isa = PBXBuildFile; productRef = 3A6650DFD0E492D0A0F71539 /* PregnancyContent */; };
		7DA3B2D7413E22044351CD28 /* UltrasoundGallery in Frameworks */ = {isa = PBXBuildFile; productRef = FA0771AB192F2142B1892836 /* UltrasoundGallery */; };
		8D3C0C4288731CBDA304DAE0 /* BabyLoadingInfrastructure in Frameworks */ = {isa = PBXBuildFile; productRef = 3180E5AFA519A3788224B37E /* BabyLoadingInfrastructure */; };
		9741300B6CCEE2281A581627 /* AppLocalization in Frameworks */ = {isa = PBXBuildFile; productRef = 75223AE41654D5E7AFAE46E2 /* AppLocalization */; };
		AA7935C2E8F66D31A8D3317B /* PregnancyContent in Frameworks */ = {isa = PBXBuildFile; productRef = EC3A24870F8A9D5800CB83D5 /* PregnancyContent */; };
		AC5A0F8A92BFF84A88F542E6 /* BabyLoadingInfrastructure in Frameworks */ = {isa = PBXBuildFile; productRef = 41702B70B1E95CFF1B8E37CA /* BabyLoadingInfrastructure */; };
		AECA98536225C7F7433576F8 /* JourneyFeature in Frameworks */ = {isa = PBXBuildFile; productRef = E261BB58408C4E903B6FE784 /* JourneyFeature */; };
		B10000000000000000000001 /* AppPreferences in Frameworks */ = {isa = PBXBuildFile; productRef = B10000000000000000000011 /* AppPreferences */; };
		B10000000000000000000002 /* AppPreferences in Frameworks */ = {isa = PBXBuildFile; productRef = B10000000000000000000012 /* AppPreferences */; };
		B10000000000000000000003 /* AppPreferences in Frameworks */ = {isa = PBXBuildFile; productRef = B10000000000000000000013 /* AppPreferences */; };
		B4D56EF4E77BEFE3DFF2FA65 /* PregnancyContent in Frameworks */ = {isa = PBXBuildFile; productRef = 24EE013097D541655B975711 /* PregnancyContent */; };
		CB6D42E9FDB379C81BAB9172 /* PregnancyProgress in Frameworks */ = {isa = PBXBuildFile; productRef = 0A7F55AA1A7AC7EB2C442829 /* PregnancyProgress */; };
		D2FD264B9B042D58068BBFC1 /* PregnancyProgress in Frameworks */ = {isa = PBXBuildFile; productRef = 1C061DA025E2CDCF9EEB3BF0 /* PregnancyProgress */; };
		DA1C91862F41F266003EC367 /* WidgetKit.framework in Frameworks */ = {isa = PBXBuildFile; fileRef = DA1C91852F41F266003EC367 /* WidgetKit.framework */; };
		DA1C91882F41F266003EC367 /* SwiftUI.framework in Frameworks */ = {isa = PBXBuildFile; fileRef = DA1C91872F41F266003EC367 /* SwiftUI.framework */; };
		DA1C91952F41F267003EC367 /* BabyProgressWidgetExtension.appex in Embed Foundation Extensions */ = {isa = PBXBuildFile; fileRef = DA1C91832F41F266003EC367 /* BabyProgressWidgetExtension.appex */; settings = {ATTRIBUTES = (RemoveHeadersOnCopy, ); }; };
		E58CD02A79E402D95C3E48D0 /* SettingsFeature in Frameworks */ = {isa = PBXBuildFile; productRef = 4BB3FF04E2E98901D78846AB /* SettingsFeature */; };
		E83141B28C7DDE5AD25CA55E /* BabyLoadingDesignTokens in Frameworks */ = {isa = PBXBuildFile; productRef = 9D4980813C0C7700B233DD8C /* BabyLoadingDesignTokens */; };
/* End PBXBuildFile section */

/* Begin PBXContainerItemProxy section */
		DA1C91602F41F1EA003EC367 /* PBXContainerItemProxy */ = {
			isa = PBXContainerItemProxy;
			containerPortal = DA1C914A2F41F1E9003EC367 /* Project object */;
			proxyType = 1;
			remoteGlobalIDString = DA1C91512F41F1E9003EC367;
			remoteInfo = BabyLoading;
		};
		DA1C91932F41F267003EC367 /* PBXContainerItemProxy */ = {
			isa = PBXContainerItemProxy;
			containerPortal = DA1C914A2F41F1E9003EC367 /* Project object */;
			proxyType = 1;
			remoteGlobalIDString = DA1C91822F41F266003EC367;
			remoteInfo = BabyProgressWidgetExtension;
		};
/* End PBXContainerItemProxy section */

/* Begin PBXCopyFilesBuildPhase section */
		DA1C919A2F41F267003EC367 /* Embed Foundation Extensions */ = {
			isa = PBXCopyFilesBuildPhase;
			buildActionMask = 2147483647;
			dstPath = "";
			dstSubfolderSpec = 13;
			files = (
				DA1C91952F41F267003EC367 /* BabyProgressWidgetExtension.appex in Embed Foundation Extensions */,
			);
			name = "Embed Foundation Extensions";
			runOnlyForDeploymentPostprocessing = 0;
		};
/* End PBXCopyFilesBuildPhase section */

/* Begin PBXFileReference section */
		DA1C91522F41F1E9003EC367 /* BabyLoading.app */ = {isa = PBXFileReference; explicitFileType = wrapper.application; includeInIndex = 0; path = BabyLoading.app; sourceTree = BUILT_PRODUCTS_DIR; };
		DA1C915F2F41F1EA003EC367 /* BabyLoadingTests.xctest */ = {isa = PBXFileReference; explicitFileType = wrapper.cfbundle; includeInIndex = 0; path = BabyLoadingTests.xctest; sourceTree = BUILT_PRODUCTS_DIR; };
		DA1C91832F41F266003EC367 /* BabyProgressWidgetExtension.appex */ = {isa = PBXFileReference; explicitFileType = "wrapper.app-extension"; includeInIndex = 0; path = BabyProgressWidgetExtension.appex; sourceTree = BUILT_PRODUCTS_DIR; };
		DA1C91852F41F266003EC367 /* WidgetKit.framework */ = {isa = PBXFileReference; lastKnownFileType = wrapper.framework; name = WidgetKit.framework; path = System/Library/Frameworks/WidgetKit.framework; sourceTree = SDKROOT; };
		DA1C91872F41F266003EC367 /* SwiftUI.framework */ = {isa = PBXFileReference; lastKnownFileType = wrapper.framework; name = SwiftUI.framework; path = System/Library/Frameworks/SwiftUI.framework; sourceTree = SDKROOT; };
		DA1C919B2F41F3DB003EC367 /* BabyProgressWidgetExtension.entitlements */ = {isa = PBXFileReference; lastKnownFileType = text.plist.entitlements; path = BabyProgressWidgetExtension.entitlements; sourceTree = "<group>"; };
		DAD90FF33033143600B66667 /* DESIGN.md */ = {isa = PBXFileReference; lastKnownFileType = net.daringfireball.markdown; path = DESIGN.md; sourceTree = "<group>"; };
		DAD90FF43033143600B66667 /* README.md */ = {isa = PBXFileReference; lastKnownFileType = net.daringfireball.markdown; path = README.md; sourceTree = "<group>"; };
		DAF0A0012F60000100A0B001 /* AGENTS.md */ = {isa = PBXFileReference; lastKnownFileType = net.daringfireball.markdown; path = AGENTS.md; sourceTree = "<group>"; };
/* End PBXFileReference section */

/* Begin PBXFileSystemSynchronizedBuildFileExceptionSet section */
		DA1C91962F41F267003EC367 /* PBXFileSystemSynchronizedBuildFileExceptionSet */ = {
			isa = PBXFileSystemSynchronizedBuildFileExceptionSet;
			membershipExceptions = (
				Info.plist,
			);
			target = DA1C91822F41F266003EC367 /* BabyProgressWidgetExtension */;
		};
		DABF1A472F436939005C4E18 /* PBXFileSystemSynchronizedBuildFileExceptionSet */ = {
			isa = PBXFileSystemSynchronizedBuildFileExceptionSet;
			membershipExceptions = (
				Resources/Assets.xcassets,
				Resources/Localizable.xcstrings,
				"Resources/pregnancy-content.en.json",
				"Resources/pregnancy-content.es.json",
			);
			target = DA1C915E2F41F1EA003EC367 /* BabyLoadingTests */;
		};
		DABF1A482F436939005C4E18 /* PBXFileSystemSynchronizedBuildFileExceptionSet */ = {
			isa = PBXFileSystemSynchronizedBuildFileExceptionSet;
			membershipExceptions = (
				Resources/Assets.xcassets,
				Resources/Localizable.xcstrings,
				"Resources/pregnancy-content.en.json",
				"Resources/pregnancy-content.es.json",
			);
			target = DA1C91822F41F266003EC367 /* BabyProgressWidgetExtension */;
		};
		DABF1B712F4374C3005C4E18 /* PBXFileSystemSynchronizedBuildFileExceptionSet */ = {
			isa = PBXFileSystemSynchronizedBuildFileExceptionSet;
			membershipExceptions = (
				WidgetAssets.xcassets,
			);
			target = DA1C91512F41F1E9003EC367 /* BabyLoading */;
		};
		DABF1B722F4374C3005C4E18 /* PBXFileSystemSynchronizedBuildFileExceptionSet */ = {
			isa = PBXFileSystemSynchronizedBuildFileExceptionSet;
			membershipExceptions = (
				WidgetAssets.xcassets,
			);
			target = DA1C915E2F41F1EA003EC367 /* BabyLoadingTests */;
		};
/* End PBXFileSystemSynchronizedBuildFileExceptionSet section */

/* Begin PBXFileSystemSynchronizedRootGroup section */
		DA1C91542F41F1E9003EC367 /* BabyLoading */ = {isa = PBXFileSystemSynchronizedRootGroup; exceptions = (DABF1A472F436939005C4E18 /* PBXFileSystemSynchronizedBuildFileExceptionSet */, DABF1A482F436939005C4E18 /* PBXFileSystemSynchronizedBuildFileExceptionSet */, ); path = BabyLoading; sourceTree = "<group>"; };
		DA1C91622F41F1EA003EC367 /* BabyLoadingTests */ = {
			isa = PBXFileSystemSynchronizedRootGroup;
			path = BabyLoadingTests;
			sourceTree = "<group>";
		};
		DA1C91892F41F266003EC367 /* BabyProgressWidget */ = {isa = PBXFileSystemSynchronizedRootGroup; exceptions = (DABF1B712F4374C3005C4E18 /* PBXFileSystemSynchronizedBuildFileExceptionSet */, DABF1B722F4374C3005C4E18 /* PBXFileSystemSynchronizedBuildFileExceptionSet */, DA1C91962F41F267003EC367 /* PBXFileSystemSynchronizedBuildFileExceptionSet */, ); path = BabyProgressWidget; sourceTree = "<group>"; };
/* End PBXFileSystemSynchronizedRootGroup section */

/* Begin PBXFrameworksBuildPhase section */
		DA1C914F2F41F1E9003EC367 /* Frameworks */ = {
			isa = PBXFrameworksBuildPhase;
			buildActionMask = 2147483647;
			files = (
				B10000000000000000000001 /* AppPreferences in Frameworks */,
				3F44C2A341165EC64D5FFB08 /* BabyLoadingNavigation in Frameworks */,
				4BF6B388BFD8160311303AEA /* BabyLoadingInfrastructure in Frameworks */,
				669F12B0C7FBBB6870B63472 /* AppLocalization in Frameworks */,
				D2FD264B9B042D58068BBFC1 /* PregnancyProgress in Frameworks */,
				79DA3248ED1B57A8CEC3767B /* PregnancyContent in Frameworks */,
				6FB0DCA05500E7B3C36AD807 /* UltrasoundGallery in Frameworks */,
				671671BC4713C50E04572C98 /* BellyTracking in Frameworks */,
				E83141B28C7DDE5AD25CA55E /* BabyLoadingDesignTokens in Frameworks */,
				07C468E428E234440D07D832 /* BabyLoadingDesignComponents in Frameworks */,
				E58CD02A79E402D95C3E48D0 /* SettingsFeature in Frameworks */,
				AECA98536225C7F7433576F8 /* JourneyFeature in Frameworks */,
				23163EE9C54EAB70F017E3F6 /* DashboardFeature in Frameworks */,
			);
			runOnlyForDeploymentPostprocessing = 0;
		};
		DA1C915C2F41F1EA003EC367 /* Frameworks */ = {
			isa = PBXFrameworksBuildPhase;
			buildActionMask = 2147483647;
			files = (
				B10000000000000000000002 /* AppPreferences in Frameworks */,
				1DC5988A8D803D3D07D07D64 /* BabyLoadingNavigation in Frameworks */,
				AC5A0F8A92BFF84A88F542E6 /* BabyLoadingInfrastructure in Frameworks */,
				44284A8804E46A6B21F77EC8 /* AppLocalization in Frameworks */,
				21041DC7DEBFB041CE9A6875 /* PregnancyProgress in Frameworks */,
				B4D56EF4E77BEFE3DFF2FA65 /* PregnancyContent in Frameworks */,
				7DA3B2D7413E22044351CD28 /* UltrasoundGallery in Frameworks */,
				1693B223BAAB5F47F2D97E33 /* BellyTracking in Frameworks */,
			);
			runOnlyForDeploymentPostprocessing = 0;
		};
		DA1C91802F41F266003EC367 /* Frameworks */ = {
			isa = PBXFrameworksBuildPhase;
			buildActionMask = 2147483647;
			files = (
				B10000000000000000000003 /* AppPreferences in Frameworks */,
				DA1C91882F41F266003EC367 /* SwiftUI.framework in Frameworks */,
				DA1C91862F41F266003EC367 /* WidgetKit.framework in Frameworks */,
				8D3C0C4288731CBDA304DAE0 /* BabyLoadingInfrastructure in Frameworks */,
				9741300B6CCEE2281A581627 /* AppLocalization in Frameworks */,
				CB6D42E9FDB379C81BAB9172 /* PregnancyProgress in Frameworks */,
				AA7935C2E8F66D31A8D3317B /* PregnancyContent in Frameworks */,
				5EC8D1C0A658441B31D9EE67 /* BabyLoadingDesignTokens in Frameworks */,
				6AD517C7748775E31025BB12 /* BabyProgressWidgetSupport in Frameworks */,
			);
			runOnlyForDeploymentPostprocessing = 0;
		};
/* End PBXFrameworksBuildPhase section */

/* Begin PBXGroup section */
		DA1C91492F41F1E9003EC367 = {
			isa = PBXGroup;
			children = (
				DAF0A0012F60000100A0B001 /* AGENTS.md */,
				DAD90FF33033143600B66667 /* DESIGN.md */,
				DAD90FF43033143600B66667 /* README.md */,
				DA1C91542F41F1E9003EC367 /* BabyLoading */,
				DA1C91892F41F266003EC367 /* BabyProgressWidget */,
				DA1C91622F41F1EA003EC367 /* BabyLoadingTests */,
				DA1C91842F41F266003EC367 /* Frameworks */,
				DA1C91532F41F1E9003EC367 /* Products */,
				DA1C919B2F41F3DB003EC367 /* BabyProgressWidgetExtension.entitlements */,
			);
			sourceTree = "<group>";
		};
		DA1C91532F41F1E9003EC367 /* Products */ = {
			isa = PBXGroup;
			children = (
				DA1C91522F41F1E9003EC367 /* BabyLoading.app */,
				DA1C915F2F41F1EA003EC367 /* BabyLoadingTests.xctest */,
				DA1C91832F41F266003EC367 /* BabyProgressWidgetExtension.appex */,
			);
			name = Products;
			sourceTree = "<group>";
		};
		DA1C91842F41F266003EC367 /* Frameworks */ = {
			isa = PBXGroup;
			children = (
				DA1C91852F41F266003EC367 /* WidgetKit.framework */,
				DA1C91872F41F266003EC367 /* SwiftUI.framework */,
			);
			name = Frameworks;
			sourceTree = "<group>";
		};
/* End PBXGroup section */

/* Begin PBXNativeTarget section */
		DA1C91512F41F1E9003EC367 /* BabyLoading */ = {
			isa = PBXNativeTarget;
			buildConfigurationList = DA1C91732F41F1EA003EC367 /* Build configuration list for PBXNativeTarget "BabyLoading" */;
			buildPhases = (
				F4A7C130B8F304F8A15508DE /* SwiftLint */,
				DA1C914E2F41F1E9003EC367 /* Sources */,
				DA1C914F2F41F1E9003EC367 /* Frameworks */,
				DA1C91502F41F1E9003EC367 /* Resources */,
				DA1C919A2F41F267003EC367 /* Embed Foundation Extensions */,
			);
			buildRules = (
			);
			dependencies = (
				DA1C91942F41F267003EC367 /* PBXTargetDependency */,
			);
			fileSystemSynchronizedGroups = (
				DA1C91542F41F1E9003EC367 /* BabyLoading */,
			);
			name = BabyLoading;
			packageProductDependencies = (
				B10000000000000000000011 /* AppPreferences */,
				FA11AD34E7E04063331B1844 /* BabyLoadingNavigation */,
				AAC7EA6646C3DA29E0FAB437 /* BabyLoadingInfrastructure */,
				21E54CBD2AE3C900CC207895 /* AppLocalization */,
				1C061DA025E2CDCF9EEB3BF0 /* PregnancyProgress */,
				3A6650DFD0E492D0A0F71539 /* PregnancyContent */,
				FD8556AF922B2E6AA15BADB1 /* UltrasoundGallery */,
				6C98B10D9CBFEEDB83A47759 /* BellyTracking */,
				9D4980813C0C7700B233DD8C /* BabyLoadingDesignTokens */,
				8A2FEA01833348B8B2CBE515 /* BabyLoadingDesignComponents */,
				4BB3FF04E2E98901D78846AB /* SettingsFeature */,
				E261BB58408C4E903B6FE784 /* JourneyFeature */,
				D7FBB1F6003EC1406A6F3225 /* DashboardFeature */,
			);
			productName = BabyLoading;
			productReference = DA1C91522F41F1E9003EC367 /* BabyLoading.app */;
			productType = "com.apple.product-type.application";
		};
		DA1C915E2F41F1EA003EC367 /* BabyLoadingTests */ = {
			isa = PBXNativeTarget;
			buildConfigurationList = DA1C91762F41F1EA003EC367 /* Build configuration list for PBXNativeTarget "BabyLoadingTests" */;
			buildPhases = (
				E33E081B7075E9259C10BD9B /* SwiftLint */,
				DA1C915B2F41F1EA003EC367 /* Sources */,
				DA1C915C2F41F1EA003EC367 /* Frameworks */,
				DA1C915D2F41F1EA003EC367 /* Resources */,
			);
			buildRules = (
			);
			dependencies = (
				DA1C91612F41F1EA003EC367 /* PBXTargetDependency */,
			);
			fileSystemSynchronizedGroups = (
				DA1C91622F41F1EA003EC367 /* BabyLoadingTests */,
			);
			name = BabyLoadingTests;
			packageProductDependencies = (
				B10000000000000000000012 /* AppPreferences */,
				03AF95E96395AC0884AE4BDB /* BabyLoadingNavigation */,
				41702B70B1E95CFF1B8E37CA /* BabyLoadingInfrastructure */,
				988DF16458041719A05EB808 /* AppLocalization */,
				DBA67C2A3FAF854E35322A36 /* PregnancyProgress */,
				24EE013097D541655B975711 /* PregnancyContent */,
				FA0771AB192F2142B1892836 /* UltrasoundGallery */,
				F5A596B427480F6BCD42123D /* BellyTracking */,
			);
			productName = BabyLoadingTests;
			productReference = DA1C915F2F41F1EA003EC367 /* BabyLoadingTests.xctest */;
			productType = "com.apple.product-type.bundle.unit-test";
		};
		DA1C91822F41F266003EC367 /* BabyProgressWidgetExtension */ = {
			isa = PBXNativeTarget;
			buildConfigurationList = DA1C91972F41F267003EC367 /* Build configuration list for PBXNativeTarget "BabyProgressWidgetExtension" */;
			buildPhases = (
				2A3E5016CBA794F3C373AB2D /* SwiftLint */,
				DA1C917F2F41F266003EC367 /* Sources */,
				DA1C91802F41F266003EC367 /* Frameworks */,
				DA1C91812F41F266003EC367 /* Resources */,
			);
			buildRules = (
			);
			dependencies = (
			);
			fileSystemSynchronizedGroups = (
				DA1C91892F41F266003EC367 /* BabyProgressWidget */,
			);
			name = BabyProgressWidgetExtension;
			packageProductDependencies = (
				B10000000000000000000013 /* AppPreferences */,
				3180E5AFA519A3788224B37E /* BabyLoadingInfrastructure */,
				75223AE41654D5E7AFAE46E2 /* AppLocalization */,
				0A7F55AA1A7AC7EB2C442829 /* PregnancyProgress */,
				EC3A24870F8A9D5800CB83D5 /* PregnancyContent */,
				69C2B0DB5837CD5BFDBBA547 /* BabyLoadingDesignTokens */,
				50801AD513F5944C3102ED88 /* BabyProgressWidgetSupport */,
			);
			productName = BabyProgressWidgetExtension;
			productReference = DA1C91832F41F266003EC367 /* BabyProgressWidgetExtension.appex */;
			productType = "com.apple.product-type.app-extension";
		};
/* End PBXNativeTarget section */

/* Begin PBXProject section */
		DA1C914A2F41F1E9003EC367 /* Project object */ = {
			isa = PBXProject;
			attributes = {
				BuildIndependentTargetsInParallel = 1;
				LastSwiftUpdateCheck = 2620;
				LastUpgradeCheck = 2630;
				TargetAttributes = {
					DA1C91512F41F1E9003EC367 = {
						CreatedOnToolsVersion = 26.2;
					};
					DA1C915E2F41F1EA003EC367 = {
						CreatedOnToolsVersion = 26.2;
						TestTargetID = DA1C91512F41F1E9003EC367;
					};
					DA1C91822F41F266003EC367 = {
						CreatedOnToolsVersion = 26.2;
					};
				};
			};
			buildConfigurationList = DA1C914D2F41F1E9003EC367 /* Build configuration list for PBXProject "BabyLoading" */;
			developmentRegion = en;
			hasScannedForEncodings = 0;
			knownRegions = (
				en,
				Base,
				es,
			);
			mainGroup = DA1C91492F41F1E9003EC367;
			minimizedProjectReferenceProxies = 1;
			packageReferences = (
				B10000000000000000000021 /* XCLocalSwiftPackageReference "Packages/AppPreferences" */,
				0398AEE2C6EF287CD3144BEE /* XCLocalSwiftPackageReference "Packages/BabyLoadingFeatures" */,
				9D895B462754C9EB5D7D1E9B /* XCLocalSwiftPackageReference "Packages/BabyLoadingCore" */,
				82E752312994B921C05CD833 /* XCLocalSwiftPackageReference "Packages/BabyLoadingDesignSystem" */,
			);
			preferredProjectObjectVersion = 77;
			productRefGroup = DA1C91532F41F1E9003EC367 /* Products */;
			projectDirPath = "";
			projectRoot = "";
			targets = (
				DA1C91512F41F1E9003EC367 /* BabyLoading */,
				DA1C915E2F41F1EA003EC367 /* BabyLoadingTests */,
				DA1C91822F41F266003EC367 /* BabyProgressWidgetExtension */,
			);
		};
/* End PBXProject section */

/* Begin PBXResourcesBuildPhase section */
		DA1C91502F41F1E9003EC367 /* Resources */ = {
			isa = PBXResourcesBuildPhase;
			buildActionMask = 2147483647;
			files = (
			);
			runOnlyForDeploymentPostprocessing = 0;
		};
		DA1C915D2F41F1EA003EC367 /* Resources */ = {
			isa = PBXResourcesBuildPhase;
			buildActionMask = 2147483647;
			files = (
			);
			runOnlyForDeploymentPostprocessing = 0;
		};
		DA1C91812F41F266003EC367 /* Resources */ = {
			isa = PBXResourcesBuildPhase;
			buildActionMask = 2147483647;
			files = (
			);
			runOnlyForDeploymentPostprocessing = 0;
		};
/* End PBXResourcesBuildPhase section */

/* Begin PBXShellScriptBuildPhase section */
		2A3E5016CBA794F3C373AB2D /* SwiftLint */ = {
			isa = PBXShellScriptBuildPhase;
			alwaysOutOfDate = 1;
			buildActionMask = 2147483647;
			files = (
			);
			inputPaths = (
			);
			name = SwiftLint;
			outputPaths = (
			);
			runOnlyForDeploymentPostprocessing = 0;
			shellPath = /bin/sh;
			shellScript = "\"${SRCROOT}/Scripts/swiftlint/swiftlint-0.65.1\" lint --config \"${SRCROOT}/.swiftlint.yml\" --force-exclude --no-cache";
			showEnvVarsInLog = 0;
		};
		E33E081B7075E9259C10BD9B /* SwiftLint */ = {
			isa = PBXShellScriptBuildPhase;
			alwaysOutOfDate = 1;
			buildActionMask = 2147483647;
			files = (
			);
			inputPaths = (
			);
			name = SwiftLint;
			outputPaths = (
			);
			runOnlyForDeploymentPostprocessing = 0;
			shellPath = /bin/sh;
			shellScript = "\"${SRCROOT}/Scripts/swiftlint/swiftlint-0.65.1\" lint --config \"${SRCROOT}/.swiftlint.yml\" --force-exclude --no-cache";
			showEnvVarsInLog = 0;
		};
		F4A7C130B8F304F8A15508DE /* SwiftLint */ = {
			isa = PBXShellScriptBuildPhase;
			alwaysOutOfDate = 1;
			buildActionMask = 2147483647;
			files = (
			);
			inputPaths = (
			);
			name = SwiftLint;
			outputPaths = (
			);
			runOnlyForDeploymentPostprocessing = 0;
			shellPath = /bin/sh;
			shellScript = "\"${SRCROOT}/Scripts/swiftlint/swiftlint-0.65.1\" lint --config \"${SRCROOT}/.swiftlint.yml\" --force-exclude --no-cache";
			showEnvVarsInLog = 0;
		};
/* End PBXShellScriptBuildPhase section */

/* Begin PBXSourcesBuildPhase section */
		DA1C914E2F41F1E9003EC367 /* Sources */ = {
			isa = PBXSourcesBuildPhase;
			buildActionMask = 2147483647;
			files = (
			);
			runOnlyForDeploymentPostprocessing = 0;
		};
		DA1C915B2F41F1EA003EC367 /* Sources */ = {
			isa = PBXSourcesBuildPhase;
			buildActionMask = 2147483647;
			files = (
			);
			runOnlyForDeploymentPostprocessing = 0;
		};
		DA1C917F2F41F266003EC367 /* Sources */ = {
			isa = PBXSourcesBuildPhase;
			buildActionMask = 2147483647;
			files = (
			);
			runOnlyForDeploymentPostprocessing = 0;
		};
/* End PBXSourcesBuildPhase section */

/* Begin PBXTargetDependency section */
		DA1C91612F41F1EA003EC367 /* PBXTargetDependency */ = {
			isa = PBXTargetDependency;
			target = DA1C91512F41F1E9003EC367 /* BabyLoading */;
			targetProxy = DA1C91602F41F1EA003EC367 /* PBXContainerItemProxy */;
		};
		DA1C91942F41F267003EC367 /* PBXTargetDependency */ = {
			isa = PBXTargetDependency;
			target = DA1C91822F41F266003EC367 /* BabyProgressWidgetExtension */;
			targetProxy = DA1C91932F41F267003EC367 /* PBXContainerItemProxy */;
		};
/* End PBXTargetDependency section */

/* Begin XCBuildConfiguration section */
		DA1C91712F41F1EA003EC367 /* Debug */ = {
			isa = XCBuildConfiguration;
			buildSettings = {
				ALWAYS_SEARCH_USER_PATHS = NO;
				ASSETCATALOG_COMPILER_GENERATE_SWIFT_ASSET_SYMBOL_EXTENSIONS = YES;
				CLANG_ANALYZER_LOCALIZABILITY_NONLOCALIZED = YES;
				CLANG_ANALYZER_NONNULL = YES;
				CLANG_ANALYZER_NUMBER_OBJECT_CONVERSION = YES_AGGRESSIVE;
				CLANG_CXX_LANGUAGE_STANDARD = "gnu++20";
				CLANG_ENABLE_MODULES = YES;
				CLANG_ENABLE_OBJC_ARC = YES;
				CLANG_ENABLE_OBJC_WEAK = YES;
				CLANG_WARN_BLOCK_CAPTURE_AUTORELEASING = YES;
				CLANG_WARN_BOOL_CONVERSION = YES;
				CLANG_WARN_COMMA = YES;
				CLANG_WARN_CONSTANT_CONVERSION = YES;
				CLANG_WARN_DEPRECATED_OBJC_IMPLEMENTATIONS = YES;
				CLANG_WARN_DIRECT_OBJC_ISA_USAGE = YES_ERROR;
				CLANG_WARN_DOCUMENTATION_COMMENTS = YES;
				CLANG_WARN_EMPTY_BODY = YES;
				CLANG_WARN_ENUM_CONVERSION = YES;
				CLANG_WARN_INFINITE_RECURSION = YES;
				CLANG_WARN_INT_CONVERSION = YES;
				CLANG_WARN_NON_LITERAL_NULL_CONVERSION = YES;
				CLANG_WARN_OBJC_IMPLICIT_RETAIN_SELF = YES;
				CLANG_WARN_OBJC_LITERAL_CONVERSION = YES;
				CLANG_WARN_OBJC_ROOT_CLASS = YES_ERROR;
				CLANG_WARN_QUOTED_INCLUDE_IN_FRAMEWORK_HEADER = YES;
				CLANG_WARN_RANGE_LOOP_ANALYSIS = YES;
				CLANG_WARN_STRICT_PROTOTYPES = YES;
				CLANG_WARN_SUSPICIOUS_MOVE = YES;
				CLANG_WARN_UNGUARDED_AVAILABILITY = YES_AGGRESSIVE;
				CLANG_WARN_UNREACHABLE_CODE = YES;
				CLANG_WARN__DUPLICATE_METHOD_MATCH = YES;
				COPY_PHASE_STRIP = NO;
				DEAD_CODE_STRIPPING = YES;
				DEBUG_INFORMATION_FORMAT = dwarf;
				DEVELOPMENT_TEAM = 9UT6S74KT6;
				ENABLE_STRICT_OBJC_MSGSEND = YES;
				ENABLE_TESTABILITY = YES;
				ENABLE_USER_SCRIPT_SANDBOXING = YES;
				GCC_C_LANGUAGE_STANDARD = gnu17;
				GCC_DYNAMIC_NO_PIC = NO;
				GCC_NO_COMMON_BLOCKS = YES;
				GCC_OPTIMIZATION_LEVEL = 0;
				GCC_PREPROCESSOR_DEFINITIONS = (
					"DEBUG=1",
					"$(inherited)",
				);
				GCC_WARN_64_TO_32_BIT_CONVERSION = YES;
				GCC_WARN_ABOUT_RETURN_TYPE = YES_ERROR;
				GCC_WARN_UNDECLARED_SELECTOR = YES;
				GCC_WARN_UNINITIALIZED_AUTOS = YES_AGGRESSIVE;
				GCC_WARN_UNUSED_FUNCTION = YES;
				GCC_WARN_UNUSED_VARIABLE = YES;
				LOCALIZATION_PREFERS_STRING_CATALOGS = YES;
				MTL_ENABLE_DEBUG_INFO = INCLUDE_SOURCE;
				MTL_FAST_MATH = YES;
				ONLY_ACTIVE_ARCH = YES;
				STRING_CATALOG_GENERATE_SYMBOLS = YES;
				SWIFT_ACTIVE_COMPILATION_CONDITIONS = "DEBUG $(inherited)";
				SWIFT_EMIT_LOC_STRINGS = YES;
				SWIFT_OPTIMIZATION_LEVEL = "-Onone";
			};
			name = Debug;
		};
		DA1C91722F41F1EA003EC367 /* Release */ = {
			isa = XCBuildConfiguration;
			buildSettings = {
				ALWAYS_SEARCH_USER_PATHS = NO;
				ASSETCATALOG_COMPILER_GENERATE_SWIFT_ASSET_SYMBOL_EXTENSIONS = YES;
				CLANG_ANALYZER_LOCALIZABILITY_NONLOCALIZED = YES;
				CLANG_ANALYZER_NONNULL = YES;
				CLANG_ANALYZER_NUMBER_OBJECT_CONVERSION = YES_AGGRESSIVE;
				CLANG_CXX_LANGUAGE_STANDARD = "gnu++20";
				CLANG_ENABLE_MODULES = YES;
				CLANG_ENABLE_OBJC_ARC = YES;
				CLANG_ENABLE_OBJC_WEAK = YES;
				CLANG_WARN_BLOCK_CAPTURE_AUTORELEASING = YES;
				CLANG_WARN_BOOL_CONVERSION = YES;
				CLANG_WARN_COMMA = YES;
				CLANG_WARN_CONSTANT_CONVERSION = YES;
				CLANG_WARN_DEPRECATED_OBJC_IMPLEMENTATIONS = YES;
				CLANG_WARN_DIRECT_OBJC_ISA_USAGE = YES_ERROR;
				CLANG_WARN_DOCUMENTATION_COMMENTS = YES;
				CLANG_WARN_EMPTY_BODY = YES;
				CLANG_WARN_ENUM_CONVERSION = YES;
				CLANG_WARN_INFINITE_RECURSION = YES;
				CLANG_WARN_INT_CONVERSION = YES;
				CLANG_WARN_NON_LITERAL_NULL_CONVERSION = YES;
				CLANG_WARN_OBJC_IMPLICIT_RETAIN_SELF = YES;
				CLANG_WARN_OBJC_LITERAL_CONVERSION = YES;
				CLANG_WARN_OBJC_ROOT_CLASS = YES_ERROR;
				CLANG_WARN_QUOTED_INCLUDE_IN_FRAMEWORK_HEADER = YES;
				CLANG_WARN_RANGE_LOOP_ANALYSIS = YES;
				CLANG_WARN_STRICT_PROTOTYPES = YES;
				CLANG_WARN_SUSPICIOUS_MOVE = YES;
				CLANG_WARN_UNGUARDED_AVAILABILITY = YES_AGGRESSIVE;
				CLANG_WARN_UNREACHABLE_CODE = YES;
				CLANG_WARN__DUPLICATE_METHOD_MATCH = YES;
				COPY_PHASE_STRIP = NO;
				DEAD_CODE_STRIPPING = YES;
				DEBUG_INFORMATION_FORMAT = "dwarf-with-dsym";
				DEVELOPMENT_TEAM = 9UT6S74KT6;
				ENABLE_NS_ASSERTIONS = NO;
				ENABLE_STRICT_OBJC_MSGSEND = YES;
				ENABLE_USER_SCRIPT_SANDBOXING = YES;
				GCC_C_LANGUAGE_STANDARD = gnu17;
				GCC_NO_COMMON_BLOCKS = YES;
				GCC_WARN_64_TO_32_BIT_CONVERSION = YES;
				GCC_WARN_ABOUT_RETURN_TYPE = YES_ERROR;
				GCC_WARN_UNDECLARED_SELECTOR = YES;
				GCC_WARN_UNINITIALIZED_AUTOS = YES_AGGRESSIVE;
				GCC_WARN_UNUSED_FUNCTION = YES;
				GCC_WARN_UNUSED_VARIABLE = YES;
				LOCALIZATION_PREFERS_STRING_CATALOGS = YES;
				MTL_ENABLE_DEBUG_INFO = NO;
				MTL_FAST_MATH = YES;
				STRING_CATALOG_GENERATE_SYMBOLS = YES;
				SWIFT_COMPILATION_MODE = wholemodule;
				SWIFT_EMIT_LOC_STRINGS = YES;
			};
			name = Release;
		};
		DA1C91742F41F1EA003EC367 /* Debug */ = {
			isa = XCBuildConfiguration;
			buildSettings = {
				ASSETCATALOG_COMPILER_APPICON_NAME = AppIcon;
				ASSETCATALOG_COMPILER_GLOBAL_ACCENT_COLOR_NAME = AccentColor;
				CODE_SIGN_ENTITLEMENTS = BabyLoading/App/BabyLoading.entitlements;
				CODE_SIGN_STYLE = Automatic;
				CURRENT_PROJECT_VERSION = 1;
				DEAD_CODE_STRIPPING = YES;
				DEVELOPMENT_TEAM = 9UT6S74KT6;
				ENABLE_APP_SANDBOX = YES;
				ENABLE_HARDENED_RUNTIME = YES;
				ENABLE_PREVIEWS = YES;
				ENABLE_USER_SCRIPT_SANDBOXING = NO;
				ENABLE_USER_SELECTED_FILES = readonly;
				GENERATE_INFOPLIST_FILE = NO;
				INFOPLIST_FILE = "Configuration/BabyLoading-Info.plist";
				INFOPLIST_KEY_CFBundleDisplayName = "Baby Loading";
				INFOPLIST_KEY_NSCameraUsageDescription = "Baby Loading uses the camera to capture guided belly tracking photos.";
				INFOPLIST_KEY_NSPhotoLibraryAddUsageDescription = "Baby Loading saves guided belly tracking photos to your photo library.";
				INFOPLIST_KEY_NSPhotoLibraryUsageDescription = "Baby Loading saves guided belly tracking photos to your photo library.";
				INFOPLIST_KEY_UIAppFonts = "NunitoSans-Variable.ttf NunitoSans-Italic-Variable.ttf";
				"INFOPLIST_KEY_UIApplicationSceneManifest_Generation[sdk=iphoneos*]" = YES;
				"INFOPLIST_KEY_UIApplicationSceneManifest_Generation[sdk=iphonesimulator*]" = YES;
				"INFOPLIST_KEY_UIApplicationSupportsIndirectInputEvents[sdk=iphoneos*]" = YES;
				"INFOPLIST_KEY_UIApplicationSupportsIndirectInputEvents[sdk=iphonesimulator*]" = YES;
				"INFOPLIST_KEY_UILaunchScreen_Generation[sdk=iphoneos*]" = YES;
				"INFOPLIST_KEY_UILaunchScreen_Generation[sdk=iphonesimulator*]" = YES;
				"INFOPLIST_KEY_UIStatusBarStyle[sdk=iphoneos*]" = UIStatusBarStyleDefault;
				"INFOPLIST_KEY_UIStatusBarStyle[sdk=iphonesimulator*]" = UIStatusBarStyleDefault;
				INFOPLIST_KEY_UISupportedInterfaceOrientations_iPad = "UIInterfaceOrientationPortrait UIInterfaceOrientationPortraitUpsideDown UIInterfaceOrientationLandscapeLeft UIInterfaceOrientationLandscapeRight";
				INFOPLIST_KEY_UISupportedInterfaceOrientations_iPhone = "UIInterfaceOrientationPortrait UIInterfaceOrientationLandscapeLeft UIInterfaceOrientationLandscapeRight";
				IPHONEOS_DEPLOYMENT_TARGET = 26.5;
				LD_RUNPATH_SEARCH_PATHS = "@executable_path/Frameworks";
				"LD_RUNPATH_SEARCH_PATHS[sdk=macosx*]" = "@executable_path/../Frameworks";
				MARKETING_VERSION = 1.0;
				PRODUCT_BUNDLE_IDENTIFIER = com.pablo.ruiz.babyloading;
				PRODUCT_NAME = "$(TARGET_NAME)";
				REGISTER_APP_GROUPS = YES;
				SDKROOT = iphoneos;
				STRING_CATALOG_GENERATE_SYMBOLS = YES;
				SUPPORTED_PLATFORMS = "iphoneos iphonesimulator";
				SUPPORTS_MACCATALYST = NO;
				SUPPORTS_MAC_DESIGNED_FOR_IPHONE_IPAD = NO;
				SUPPORTS_XR_DESIGNED_FOR_IPHONE_IPAD = NO;
				SWIFT_APPROACHABLE_CONCURRENCY = YES;
				SWIFT_EMIT_LOC_STRINGS = YES;
				SWIFT_UPCOMING_FEATURE_MEMBER_IMPORT_VISIBILITY = YES;
				SWIFT_VERSION = 6.0;
				TARGETED_DEVICE_FAMILY = "1,2";
			};
			name = Debug;
		};
		DA1C91752F41F1EA003EC367 /* Release */ = {
			isa = XCBuildConfiguration;
			buildSettings = {
				ASSETCATALOG_COMPILER_APPICON_NAME = AppIcon;
				ASSETCATALOG_COMPILER_GLOBAL_ACCENT_COLOR_NAME = AccentColor;
				CODE_SIGN_ENTITLEMENTS = BabyLoading/App/BabyLoading.entitlements;
				CODE_SIGN_STYLE = Automatic;
				CURRENT_PROJECT_VERSION = 1;
				DEAD_CODE_STRIPPING = YES;
				DEVELOPMENT_TEAM = 9UT6S74KT6;
				ENABLE_APP_SANDBOX = YES;
				ENABLE_HARDENED_RUNTIME = YES;
				ENABLE_PREVIEWS = YES;
				ENABLE_USER_SCRIPT_SANDBOXING = NO;
				ENABLE_USER_SELECTED_FILES = readonly;
				GENERATE_INFOPLIST_FILE = NO;
				INFOPLIST_FILE = "Configuration/BabyLoading-Info.plist";
				INFOPLIST_KEY_CFBundleDisplayName = "Baby Loading";
				INFOPLIST_KEY_NSCameraUsageDescription = "Baby Loading uses the camera to capture guided belly tracking photos.";
				INFOPLIST_KEY_NSPhotoLibraryAddUsageDescription = "Baby Loading saves guided belly tracking photos to your photo library.";
				INFOPLIST_KEY_NSPhotoLibraryUsageDescription = "Baby Loading saves guided belly tracking photos to your photo library.";
				INFOPLIST_KEY_UIAppFonts = "NunitoSans-Variable.ttf NunitoSans-Italic-Variable.ttf";
				"INFOPLIST_KEY_UIApplicationSceneManifest_Generation[sdk=iphoneos*]" = YES;
				"INFOPLIST_KEY_UIApplicationSceneManifest_Generation[sdk=iphonesimulator*]" = YES;
				"INFOPLIST_KEY_UIApplicationSupportsIndirectInputEvents[sdk=iphoneos*]" = YES;
				"INFOPLIST_KEY_UIApplicationSupportsIndirectInputEvents[sdk=iphonesimulator*]" = YES;
				"INFOPLIST_KEY_UILaunchScreen_Generation[sdk=iphoneos*]" = YES;
				"INFOPLIST_KEY_UILaunchScreen_Generation[sdk=iphonesimulator*]" = YES;
				"INFOPLIST_KEY_UIStatusBarStyle[sdk=iphoneos*]" = UIStatusBarStyleDefault;
				"INFOPLIST_KEY_UIStatusBarStyle[sdk=iphonesimulator*]" = UIStatusBarStyleDefault;
				INFOPLIST_KEY_UISupportedInterfaceOrientations_iPad = "UIInterfaceOrientationPortrait UIInterfaceOrientationPortraitUpsideDown UIInterfaceOrientationLandscapeLeft UIInterfaceOrientationLandscapeRight";
				INFOPLIST_KEY_UISupportedInterfaceOrientations_iPhone = "UIInterfaceOrientationPortrait UIInterfaceOrientationLandscapeLeft UIInterfaceOrientationLandscapeRight";
				IPHONEOS_DEPLOYMENT_TARGET = 26.5;
				LD_RUNPATH_SEARCH_PATHS = "@executable_path/Frameworks";
				"LD_RUNPATH_SEARCH_PATHS[sdk=macosx*]" = "@executable_path/../Frameworks";
				MARKETING_VERSION = 1.0;
				PRODUCT_BUNDLE_IDENTIFIER = com.pablo.ruiz.babyloading;
				PRODUCT_NAME = "$(TARGET_NAME)";
				REGISTER_APP_GROUPS = YES;
				SDKROOT = iphoneos;
				STRING_CATALOG_GENERATE_SYMBOLS = YES;
				SUPPORTED_PLATFORMS = "iphoneos iphonesimulator";
				SUPPORTS_MACCATALYST = NO;
				SUPPORTS_MAC_DESIGNED_FOR_IPHONE_IPAD = NO;
				SUPPORTS_XR_DESIGNED_FOR_IPHONE_IPAD = NO;
				SWIFT_APPROACHABLE_CONCURRENCY = YES;
				SWIFT_EMIT_LOC_STRINGS = YES;
				SWIFT_UPCOMING_FEATURE_MEMBER_IMPORT_VISIBILITY = YES;
				SWIFT_VERSION = 6.0;
				TARGETED_DEVICE_FAMILY = "1,2";
			};
			name = Release;
		};
		DA1C91772F41F1EA003EC367 /* Debug */ = {
			isa = XCBuildConfiguration;
			buildSettings = {
				BUNDLE_LOADER = "$(TEST_HOST)";
				CODE_SIGN_STYLE = Automatic;
				CURRENT_PROJECT_VERSION = 1;
				DEAD_CODE_STRIPPING = YES;
				DEVELOPMENT_TEAM = 9UT6S74KT6;
				ENABLE_USER_SCRIPT_SANDBOXING = NO;
				GENERATE_INFOPLIST_FILE = YES;
				IPHONEOS_DEPLOYMENT_TARGET = 26.5;
				MARKETING_VERSION = 1.0;
				PRODUCT_BUNDLE_IDENTIFIER = com.pablo.ruiz.BabyLoadingTests;
				PRODUCT_NAME = "$(TARGET_NAME)";
				SDKROOT = iphoneos;
				STRING_CATALOG_GENERATE_SYMBOLS = NO;
				SUPPORTED_PLATFORMS = "iphoneos iphonesimulator";
				SUPPORTS_MACCATALYST = NO;
				SUPPORTS_MAC_DESIGNED_FOR_IPHONE_IPAD = NO;
				SUPPORTS_XR_DESIGNED_FOR_IPHONE_IPAD = NO;
				SWIFT_APPROACHABLE_CONCURRENCY = YES;
				SWIFT_EMIT_LOC_STRINGS = NO;
				SWIFT_UPCOMING_FEATURE_MEMBER_IMPORT_VISIBILITY = YES;
				SWIFT_VERSION = 6.0;
				TARGETED_DEVICE_FAMILY = "1,2";
				TEST_HOST = "$(BUILT_PRODUCTS_DIR)/BabyLoading.app/$(BUNDLE_EXECUTABLE_FOLDER_PATH)/BabyLoading";
			};
			name = Debug;
		};
		DA1C91782F41F1EA003EC367 /* Release */ = {
			isa = XCBuildConfiguration;
			buildSettings = {
				BUNDLE_LOADER = "$(TEST_HOST)";
				CODE_SIGN_STYLE = Automatic;
				CURRENT_PROJECT_VERSION = 1;
				DEAD_CODE_STRIPPING = YES;
				DEVELOPMENT_TEAM = 9UT6S74KT6;
				ENABLE_USER_SCRIPT_SANDBOXING = NO;
				GENERATE_INFOPLIST_FILE = YES;
				IPHONEOS_DEPLOYMENT_TARGET = 26.5;
				MARKETING_VERSION = 1.0;
				PRODUCT_BUNDLE_IDENTIFIER = com.pablo.ruiz.BabyLoadingTests;
				PRODUCT_NAME = "$(TARGET_NAME)";
				SDKROOT = iphoneos;
				STRING_CATALOG_GENERATE_SYMBOLS = NO;
				SUPPORTED_PLATFORMS = "iphoneos iphonesimulator";
				SUPPORTS_MACCATALYST = NO;
				SUPPORTS_MAC_DESIGNED_FOR_IPHONE_IPAD = NO;
				SUPPORTS_XR_DESIGNED_FOR_IPHONE_IPAD = NO;
				SWIFT_APPROACHABLE_CONCURRENCY = YES;
				SWIFT_EMIT_LOC_STRINGS = NO;
				SWIFT_UPCOMING_FEATURE_MEMBER_IMPORT_VISIBILITY = YES;
				SWIFT_VERSION = 6.0;
				TARGETED_DEVICE_FAMILY = "1,2";
				TEST_HOST = "$(BUILT_PRODUCTS_DIR)/BabyLoading.app/$(BUNDLE_EXECUTABLE_FOLDER_PATH)/BabyLoading";
			};
			name = Release;
		};
		DA1C91982F41F267003EC367 /* Debug */ = {
			isa = XCBuildConfiguration;
			buildSettings = {
				ASSETCATALOG_COMPILER_GLOBAL_ACCENT_COLOR_NAME = AccentColor;
				ASSETCATALOG_COMPILER_WIDGET_BACKGROUND_COLOR_NAME = WidgetBackground;
				CODE_SIGN_ENTITLEMENTS = BabyProgressWidgetExtension.entitlements;
				CODE_SIGN_STYLE = Automatic;
				CURRENT_PROJECT_VERSION = 1;
				DEVELOPMENT_TEAM = 9UT6S74KT6;
				ENABLE_USER_SCRIPT_SANDBOXING = NO;
				GENERATE_INFOPLIST_FILE = YES;
				INFOPLIST_FILE = BabyProgressWidget/Info.plist;
				INFOPLIST_KEY_CFBundleDisplayName = BabyProgressWidget;
				INFOPLIST_KEY_NSHumanReadableCopyright = "";
				IPHONEOS_DEPLOYMENT_TARGET = 26.5;
				LD_RUNPATH_SEARCH_PATHS = (
					"$(inherited)",
					"@executable_path/Frameworks",
					"@executable_path/../../Frameworks",
				);
				MARKETING_VERSION = 1.0;
				PRODUCT_BUNDLE_IDENTIFIER = com.pablo.ruiz.babyloading.babyprogresswidget;
				PRODUCT_NAME = "$(TARGET_NAME)";
				SDKROOT = iphoneos;
				SKIP_INSTALL = YES;
				STRING_CATALOG_GENERATE_SYMBOLS = YES;
				SUPPORTED_PLATFORMS = "iphoneos iphonesimulator";
				SUPPORTS_MACCATALYST = NO;
				SUPPORTS_MAC_DESIGNED_FOR_IPHONE_IPAD = NO;
				SUPPORTS_XR_DESIGNED_FOR_IPHONE_IPAD = NO;
				SWIFT_APPROACHABLE_CONCURRENCY = YES;
				SWIFT_EMIT_LOC_STRINGS = YES;
				SWIFT_UPCOMING_FEATURE_MEMBER_IMPORT_VISIBILITY = YES;
				SWIFT_VERSION = 6.0;
				TARGETED_DEVICE_FAMILY = "1,2";
			};
			name = Debug;
		};
		DA1C91992F41F267003EC367 /* Release */ = {
			isa = XCBuildConfiguration;
			buildSettings = {
				ASSETCATALOG_COMPILER_GLOBAL_ACCENT_COLOR_NAME = AccentColor;
				ASSETCATALOG_COMPILER_WIDGET_BACKGROUND_COLOR_NAME = WidgetBackground;
				CODE_SIGN_ENTITLEMENTS = BabyProgressWidgetExtension.entitlements;
				CODE_SIGN_STYLE = Automatic;
				CURRENT_PROJECT_VERSION = 1;
				DEVELOPMENT_TEAM = 9UT6S74KT6;
				ENABLE_USER_SCRIPT_SANDBOXING = NO;
				GENERATE_INFOPLIST_FILE = YES;
				INFOPLIST_FILE = BabyProgressWidget/Info.plist;
				INFOPLIST_KEY_CFBundleDisplayName = BabyProgressWidget;
				INFOPLIST_KEY_NSHumanReadableCopyright = "";
				IPHONEOS_DEPLOYMENT_TARGET = 26.5;
				LD_RUNPATH_SEARCH_PATHS = (
					"$(inherited)",
					"@executable_path/Frameworks",
					"@executable_path/../../Frameworks",
				);
				MARKETING_VERSION = 1.0;
				PRODUCT_BUNDLE_IDENTIFIER = com.pablo.ruiz.babyloading.babyprogresswidget;
				PRODUCT_NAME = "$(TARGET_NAME)";
				SDKROOT = iphoneos;
				SKIP_INSTALL = YES;
				STRING_CATALOG_GENERATE_SYMBOLS = YES;
				SUPPORTED_PLATFORMS = "iphoneos iphonesimulator";
				SUPPORTS_MACCATALYST = NO;
				SUPPORTS_MAC_DESIGNED_FOR_IPHONE_IPAD = NO;
				SUPPORTS_XR_DESIGNED_FOR_IPHONE_IPAD = NO;
				SWIFT_APPROACHABLE_CONCURRENCY = YES;
				SWIFT_EMIT_LOC_STRINGS = YES;
				SWIFT_UPCOMING_FEATURE_MEMBER_IMPORT_VISIBILITY = YES;
				SWIFT_VERSION = 6.0;
				TARGETED_DEVICE_FAMILY = "1,2";
				VALIDATE_PRODUCT = YES;
			};
			name = Release;
		};
/* End XCBuildConfiguration section */

/* Begin XCConfigurationList section */
		DA1C914D2F41F1E9003EC367 /* Build configuration list for PBXProject "BabyLoading" */ = {
			isa = XCConfigurationList;
			buildConfigurations = (
				DA1C91712F41F1EA003EC367 /* Debug */,
				DA1C91722F41F1EA003EC367 /* Release */,
			);
			defaultConfigurationIsVisible = 0;
			defaultConfigurationName = Release;
		};
		DA1C91732F41F1EA003EC367 /* Build configuration list for PBXNativeTarget "BabyLoading" */ = {
			isa = XCConfigurationList;
			buildConfigurations = (
				DA1C91742F41F1EA003EC367 /* Debug */,
				DA1C91752F41F1EA003EC367 /* Release */,
			);
			defaultConfigurationIsVisible = 0;
			defaultConfigurationName = Release;
		};
		DA1C91762F41F1EA003EC367 /* Build configuration list for PBXNativeTarget "BabyLoadingTests" */ = {
			isa = XCConfigurationList;
			buildConfigurations = (
				DA1C91772F41F1EA003EC367 /* Debug */,
				DA1C91782F41F1EA003EC367 /* Release */,
			);
			defaultConfigurationIsVisible = 0;
			defaultConfigurationName = Release;
		};
		DA1C91972F41F267003EC367 /* Build configuration list for PBXNativeTarget "BabyProgressWidgetExtension" */ = {
			isa = XCConfigurationList;
			buildConfigurations = (
				DA1C91982F41F267003EC367 /* Debug */,
				DA1C91992F41F267003EC367 /* Release */,
			);
			defaultConfigurationIsVisible = 0;
			defaultConfigurationName = Release;
		};
/* End XCConfigurationList section */

/* Begin XCLocalSwiftPackageReference section */
		0398AEE2C6EF287CD3144BEE /* XCLocalSwiftPackageReference "Packages/BabyLoadingFeatures" */ = {
			isa = XCLocalSwiftPackageReference;
			relativePath = Packages/BabyLoadingFeatures;
		};
		82E752312994B921C05CD833 /* XCLocalSwiftPackageReference "Packages/BabyLoadingDesignSystem" */ = {
			isa = XCLocalSwiftPackageReference;
			relativePath = Packages/BabyLoadingDesignSystem;
		};
		9D895B462754C9EB5D7D1E9B /* XCLocalSwiftPackageReference "Packages/BabyLoadingCore" */ = {
			isa = XCLocalSwiftPackageReference;
			relativePath = Packages/BabyLoadingCore;
		};
		B10000000000000000000021 /* XCLocalSwiftPackageReference "Packages/AppPreferences" */ = {
			isa = XCLocalSwiftPackageReference;
			relativePath = Packages/AppPreferences;
		};
/* End XCLocalSwiftPackageReference section */

/* Begin XCSwiftPackageProductDependency section */
		03AF95E96395AC0884AE4BDB /* BabyLoadingNavigation */ = {
			isa = XCSwiftPackageProductDependency;
			productName = BabyLoadingNavigation;
		};
		0A7F55AA1A7AC7EB2C442829 /* PregnancyProgress */ = {
			isa = XCSwiftPackageProductDependency;
			productName = PregnancyProgress;
		};
		1C061DA025E2CDCF9EEB3BF0 /* PregnancyProgress */ = {
			isa = XCSwiftPackageProductDependency;
			productName = PregnancyProgress;
		};
		21E54CBD2AE3C900CC207895 /* AppLocalization */ = {
			isa = XCSwiftPackageProductDependency;
			productName = AppLocalization;
		};
		24EE013097D541655B975711 /* PregnancyContent */ = {
			isa = XCSwiftPackageProductDependency;
			productName = PregnancyContent;
		};
		3180E5AFA519A3788224B37E /* BabyLoadingInfrastructure */ = {
			isa = XCSwiftPackageProductDependency;
			productName = BabyLoadingInfrastructure;
		};
		3A6650DFD0E492D0A0F71539 /* PregnancyContent */ = {
			isa = XCSwiftPackageProductDependency;
			productName = PregnancyContent;
		};
		41702B70B1E95CFF1B8E37CA /* BabyLoadingInfrastructure */ = {
			isa = XCSwiftPackageProductDependency;
			productName = BabyLoadingInfrastructure;
		};
		4BB3FF04E2E98901D78846AB /* SettingsFeature */ = {
			isa = XCSwiftPackageProductDependency;
			productName = SettingsFeature;
		};
		50801AD513F5944C3102ED88 /* BabyProgressWidgetSupport */ = {
			isa = XCSwiftPackageProductDependency;
			productName = BabyProgressWidgetSupport;
		};
		69C2B0DB5837CD5BFDBBA547 /* BabyLoadingDesignTokens */ = {
			isa = XCSwiftPackageProductDependency;
			productName = BabyLoadingDesignTokens;
		};
		6C98B10D9CBFEEDB83A47759 /* BellyTracking */ = {
			isa = XCSwiftPackageProductDependency;
			productName = BellyTracking;
		};
		75223AE41654D5E7AFAE46E2 /* AppLocalization */ = {
			isa = XCSwiftPackageProductDependency;
			productName = AppLocalization;
		};
		8A2FEA01833348B8B2CBE515 /* BabyLoadingDesignComponents */ = {
			isa = XCSwiftPackageProductDependency;
			productName = BabyLoadingDesignComponents;
		};
		988DF16458041719A05EB808 /* AppLocalization */ = {
			isa = XCSwiftPackageProductDependency;
			productName = AppLocalization;
		};
		9D4980813C0C7700B233DD8C /* BabyLoadingDesignTokens */ = {
			isa = XCSwiftPackageProductDependency;
			productName = BabyLoadingDesignTokens;
		};
		AAC7EA6646C3DA29E0FAB437 /* BabyLoadingInfrastructure */ = {
			isa = XCSwiftPackageProductDependency;
			productName = BabyLoadingInfrastructure;
		};
		B10000000000000000000011 /* AppPreferences */ = {
			isa = XCSwiftPackageProductDependency;
			productName = AppPreferences;
		};
		B10000000000000000000012 /* AppPreferences */ = {
			isa = XCSwiftPackageProductDependency;
			productName = AppPreferences;
		};
		B10000000000000000000013 /* AppPreferences */ = {
			isa = XCSwiftPackageProductDependency;
			productName = AppPreferences;
		};
		D7FBB1F6003EC1406A6F3225 /* DashboardFeature */ = {
			isa = XCSwiftPackageProductDependency;
			productName = DashboardFeature;
		};
		DBA67C2A3FAF854E35322A36 /* PregnancyProgress */ = {
			isa = XCSwiftPackageProductDependency;
			productName = PregnancyProgress;
		};
		E261BB58408C4E903B6FE784 /* JourneyFeature */ = {
			isa = XCSwiftPackageProductDependency;
			productName = JourneyFeature;
		};
		EC3A24870F8A9D5800CB83D5 /* PregnancyContent */ = {
			isa = XCSwiftPackageProductDependency;
			productName = PregnancyContent;
		};
		F5A596B427480F6BCD42123D /* BellyTracking */ = {
			isa = XCSwiftPackageProductDependency;
			productName = BellyTracking;
		};
		FA0771AB192F2142B1892836 /* UltrasoundGallery */ = {
			isa = XCSwiftPackageProductDependency;
			productName = UltrasoundGallery;
		};
		FA11AD34E7E04063331B1844 /* BabyLoadingNavigation */ = {
			isa = XCSwiftPackageProductDependency;
			productName = BabyLoadingNavigation;
		};
		FD8556AF922B2E6AA15BADB1 /* UltrasoundGallery */ = {
			isa = XCSwiftPackageProductDependency;
			productName = UltrasoundGallery;
		};
/* End XCSwiftPackageProductDependency section */
	};
	rootObject = DA1C914A2F41F1E9003EC367 /* Project object */;
}
